
Microsoft Visual Studio Solution File, Format Version 12.00
# Visual Studio Version 17
VisualStudioVersion = 17.0.32112.339
MinimumVisualStudioVersion = 10.0.40219.1
Project("{9A19103F-16F7-4668-BE54-9A1E7A4F7556}") = "DotNetPowerExtensions.Analyzers", "DotNetPowerExtensions.Analyzers\DotNetPowerExtensions.Analyzers.csproj", "{1DA93F35-CDAF-4F19-8D92-6D3E4025F00D}"
EndProject
Project("{FAE04EC0-301F-11D3-BF4B-00C04F79EFBC}") = "DotNetPowerExtensions.Analyzers.Vsix", "DotNetPowerExtensions.Analyzers.Vsix\DotNetPowerExtensions.Analyzers.Vsix.csproj", "{9326D5F3-D76B-4B9E-B98C-4E9E5C3A9323}"
EndProject
Project("{9A19103F-16F7-4668-BE54-9A1E7A4F7556}") = "DotNetPowerExtensions.Analyzers.Tests", "DotNetPowerExtensions.Analyzers.Tests\DotNetPowerExtensions.Analyzers.Tests.csproj", "{8C1003BC-C123-4575-8670-0467A3404396}"
EndProject
Project("{9A19103F-16F7-4668-BE54-9A1E7A4F7556}") = "DotNetPowerExtensions", "DotNetPowerExtensions\DotNetPowerExtensions.csproj", "{639544EE-B1B2-42AC-8CCC-6768895379DC}"
EndProject
Project("{9A19103F-16F7-4668-BE54-9A1E7A4F7556}") = "DotNetPowerExtensions.Tests", "DotNetPowerExtensions.Tests\DotNetPowerExtensions.Tests.csproj", "{A984A6B2-30CE-4685-8AA3-8F2B28AB0E1C}"
EndProject
Project("{9A19103F-16F7-4668-BE54-9A1E7A4F7556}") = "DotNetPowerExtensions.Reflection.Core", "DotNetPowerExtensions.Reflection.Core\DotNetPowerExtensions.Reflection.Core.csproj", "{5621592A-9C5C-4E94-913F-5C9A85E75208}"
EndProject
Project("{9A19103F-16F7-4668-BE54-9A1E7A4F7556}") = "DotNetPowerExtensions.Reflection", "DotNetPowerExtensions.Reflection\DotNetPowerExtensions.Reflection.csproj", "{265E9A08-BCA9-432E-AFF6-054C16092A65}"
EndProject
Project("{9A19103F-16F7-4668-BE54-9A1E7A4F7556}") = "DotNetPowerExtensions.Reflection.Tests", "DotNetPowerExtensions.Reflection.Tests\DotNetPowerExtensions.Reflection.Tests.csproj", "{1196CEFB-3760-44B0-90FF-F92778B8037D}"
EndProject
Project("{9A19103F-16F7-4668-BE54-9A1E7A4F7556}") = "DotNetPowerExtensions.RoslynExtensions", "DotNetPowerExtensions.RoslynExtensions\DotNetPowerExtensions.RoslynExtensions.csproj", "{C484EA56-1056-4E11-9366-26834DE7BAA1}"
EndProject
Project("{9A19103F-16F7-4668-BE54-9A1E7A4F7556}") = "DotNetPowerExtensions.RoslynExtensions.Tests", "DotNetPowerExtensions.RoslynExtensions.Tests\DotNetPowerExtensions.RoslynExtensions.Tests.csproj", "{C96D0043-1E77-4C9E-8068-2F8144A7F2C6}"
EndProject
Project("{2150E333-8FDC-42A3-9474-1A3956D46DE8}") = "Solution Items", "Solution Items", "{41252400-4EDD-424F-893D-D7FFC925F808}"
	ProjectSection(SolutionItems) = preProject
		.editorconfig = .editorconfig
		Directory.Build.props = Directory.Build.props
		Directory.Build.targets = Directory.Build.targets
		Directory.Packages.props = Directory.Packages.props
	EndProjectSection
EndProject
Project("{2150E333-8FDC-42A3-9474-1A3956D46DE8}") = "Reflection", "Reflection", "{BFAC01AD-0360-4F6B-BAF1-BF3E84BFA502}"
EndProject
Project("{2150E333-8FDC-42A3-9474-1A3956D46DE8}") = "src", "src", "{0151D573-8596-48F2-BDA3-C6A2723C5A2A}"
EndProject
Project("{2150E333-8FDC-42A3-9474-1A3956D46DE8}") = "tests", "tests", "{A2A4E7B3-EE2D-4E75-B2B0-1B6C7E89E1C9}"
EndProject
Project("{FAE04EC0-301F-11D3-BF4B-00C04F79EFBC}") = "DotNetPowerExtensions.Reflection.TypeToString.Common", "DotNetPowerExtensions.Reflection.TypeToString.Common\DotNetPowerExtensions.Reflection.TypeToString.Common.csproj", "{022E3B5D-A10F-488A-BADC-759F44755D0E}"
EndProject
Project("{FAE04EC0-301F-11D3-BF4B-00C04F79EFBC}") = "DotNetPowerExtensions.Reflection.TypeToString.CSharp", "DotNetPowerExtensions.Reflection.TypeToString.CSharp\DotNetPowerExtensions.Reflection.TypeToString.CSharp.csproj", "{D5CBF58C-5882-48A4-9E6C-0DBBF2498F8F}"
EndProject
Project("{FAE04EC0-301F-11D3-BF4B-00C04F79EFBC}") = "DotNetPowerExtensions.Reflection.TypeToString.CSharp.Tests", "DotNetPowerExtensions.Reflection.TypeToString.CSharp.Tests\DotNetPowerExtensions.Reflection.TypeToString.CSharp.Tests.csproj", "{50F89ECA-2259-4250-A7EB-77E3DA9BB081}"
EndProject
Project("{2150E333-8FDC-42A3-9474-1A3956D46DE8}") = "Roslyn", "Roslyn", "{306DCEC8-6A0F-4AE3-A35D-5F68296E6CEF}"
EndProject
Project("{2150E333-8FDC-42A3-9474-1A3956D46DE8}") = "src", "src", "{42DCCB24-4EF2-40B5-B0F5-FB81A89B2B31}"
EndProject
Project("{2150E333-8FDC-42A3-9474-1A3956D46DE8}") = "tests", "tests", "{469E74A2-71A4-4163-AA7E-6E6E3D05792C}"
EndProject
Project("{FAE04EC0-301F-11D3-BF4B-00C04F79EFBC}") = "DotNetPowerExtensions.Roslyn.SyntaxGeneration.CSharp", "DotNetPowerExtensions.Roslyn.SyntaxGeneration.CSharp\DotNetPowerExtensions.Roslyn.SyntaxGeneration.CSharp.csproj", "{1103BEDD-9775-47A0-BD6F-12543BBD51C3}"
EndProject
Project("{FAE04EC0-301F-11D3-BF4B-00C04F79EFBC}") = "DotNetPowerExtensions.Roslyn.SyntaxGeneration.CSharp.Tests", "DotNetPowerExtensions.Roslyn.SyntaxGeneration.CSharp.Tests\DotNetPowerExtensions.Roslyn.SyntaxGeneration.CSharp.Tests.csproj", "{585BC253-DA93-4B6A-A14D-9EEE9B20C8A5}"
EndProject
Global
	GlobalSection(SolutionConfigurationPlatforms) = preSolution
		Debug|Any CPU = Debug|Any CPU
		Release|Any CPU = Release|Any CPU
	EndGlobalSection
	GlobalSection(ProjectConfigurationPlatforms) = postSolution
		{1DA93F35-CDAF-4F19-8D92-6D3E4025F00D}.Debug|Any CPU.ActiveCfg = Debug|Any CPU
		{1DA93F35-CDAF-4F19-8D92-6D3E4025F00D}.Debug|Any CPU.Build.0 = Debug|Any CPU
		{1DA93F35-CDAF-4F19-8D92-6D3E4025F00D}.Release|Any CPU.ActiveCfg = Release|Any CPU
		{1DA93F35-CDAF-4F19-8D92-6D3E4025F00D}.Release|Any CPU.Build.0 = Release|Any CPU
		{9326D5F3-D76B-4B9E-B98C-4E9E5C3A9323}.Debug|Any CPU.ActiveCfg = Debug|Any CPU
		{9326D5F3-D76B-4B9E-B98C-4E9E5C3A9323}.Debug|Any CPU.Build.0 = Debug|Any CPU
		{9326D5F3-D76B-4B9E-B98C-4E9E5C3A9323}.Release|Any CPU.ActiveCfg = Release|Any CPU
		{9326D5F3-D76B-4B9E-B98C-4E9E5C3A9323}.Release|Any CPU.Build.0 = Release|Any CPU
		{8C1003BC-C123-4575-8670-0467A3404396}.Debug|Any CPU.ActiveCfg = Debug|Any CPU
		{8C1003BC-C123-4575-8670-0467A3404396}.Debug|Any CPU.Build.0 = Debug|Any CPU
		{8C1003BC-C123-4575-8670-0467A3404396}.Release|Any CPU.ActiveCfg = Release|Any CPU
		{8C1003BC-C123-4575-8670-0467A3404396}.Release|Any CPU.Build.0 = Release|Any CPU
		{639544EE-B1B2-42AC-8CCC-6768895379DC}.Debug|Any CPU.ActiveCfg = Debug|Any CPU
		{639544EE-B1B2-42AC-8CCC-6768895379DC}.Debug|Any CPU.Build.0 = Debug|Any CPU
		{639544EE-B1B2-42AC-8CCC-6768895379DC}.Release|Any CPU.ActiveCfg = Release|Any CPU
		{639544EE-B1B2-42AC-8CCC-6768895379DC}.Release|Any CPU.Build.0 = Release|Any CPU
		{A984A6B2-30CE-4685-8AA3-8F2B28AB0E1C}.Debug|Any CPU.ActiveCfg = Debug|Any CPU
		{A984A6B2-30CE-4685-8AA3-8F2B28AB0E1C}.Debug|Any CPU.Build.0 = Debug|Any CPU
		{A984A6B2-30CE-4685-8AA3-8F2B28AB0E1C}.Release|Any CPU.ActiveCfg = Release|Any CPU
		{A984A6B2-30CE-4685-8AA3-8F2B28AB0E1C}.Release|Any CPU.Build.0 = Release|Any CPU
		{5621592A-9C5C-4E94-913F-5C9A85E75208}.Debug|Any CPU.ActiveCfg = Debug|Any CPU
		{5621592A-9C5C-4E94-913F-5C9A85E75208}.Debug|Any CPU.Build.0 = Debug|Any CPU
		{5621592A-9C5C-4E94-913F-5C9A85E75208}.Release|Any CPU.ActiveCfg = Release|Any CPU
		{5621592A-9C5C-4E94-913F-5C9A85E75208}.Release|Any CPU.Build.0 = Release|Any CPU
		{265E9A08-BCA9-432E-AFF6-054C16092A65}.Debug|Any CPU.ActiveCfg = Debug|Any CPU
		{265E9A08-BCA9-432E-AFF6-054C16092A65}.Debug|Any CPU.Build.0 = Debug|Any CPU
		{265E9A08-BCA9-432E-AFF6-054C16092A65}.Release|Any CPU.ActiveCfg = Release|Any CPU
		{265E9A08-BCA9-432E-AFF6-054C16092A65}.Release|Any CPU.Build.0 = Release|Any CPU
		{1196CEFB-3760-44B0-90FF-F92778B8037D}.Debug|Any CPU.ActiveCfg = Debug|Any CPU
		{1196CEFB-3760-44B0-90FF-F92778B8037D}.Debug|Any CPU.Build.0 = Debug|Any CPU
		{1196CEFB-3760-44B0-90FF-F92778B8037D}.Release|Any CPU.ActiveCfg = Release|Any CPU
		{1196CEFB-3760-44B0-90FF-F92778B8037D}.Release|Any CPU.Build.0 = Release|Any CPU
		{C484EA56-1056-4E11-9366-26834DE7BAA1}.Debug|Any CPU.ActiveCfg = Debug|Any CPU
		{C484EA56-1056-4E11-9366-26834DE7BAA1}.Debug|Any CPU.Build.0 = Debug|Any CPU
		{C484EA56-1056-4E11-9366-26834DE7BAA1}.Release|Any CPU.ActiveCfg = Release|Any CPU
		{C484EA56-1056-4E11-9366-26834DE7BAA1}.Release|Any CPU.Build.0 = Release|Any CPU
		{C96D0043-1E77-4C9E-8068-2F8144A7F2C6}.Debug|Any CPU.ActiveCfg = Debug|Any CPU
		{C96D0043-1E77-4C9E-8068-2F8144A7F2C6}.Debug|Any CPU.Build.0 = Debug|Any CPU
		{C96D0043-1E77-4C9E-8068-2F8144A7F2C6}.Release|Any CPU.ActiveCfg = Release|Any CPU
		{C96D0043-1E77-4C9E-8068-2F8144A7F2C6}.Release|Any CPU.Build.0 = Release|Any CPU
		{022E3B5D-A10F-488A-BADC-759F44755D0E}.Debug|Any CPU.ActiveCfg = Debug|Any CPU
		{022E3B5D-A10F-488A-BADC-759F44755D0E}.Debug|Any CPU.Build.0 = Debug|Any CPU
		{022E3B5D-A10F-488A-BADC-759F44755D0E}.Release|Any CPU.ActiveCfg = Release|Any CPU
		{022E3B5D-A10F-488A-BADC-759F44755D0E}.Release|Any CPU.Build.0 = Release|Any CPU
		{D5CBF58C-5882-48A4-9E6C-0DBBF2498F8F}.Debug|Any CPU.ActiveCfg = Debug|Any CPU
		{D5CBF58C-5882-48A4-9E6C-0DBBF2498F8F}.Debug|Any CPU.Build.0 = Debug|Any CPU
		{D5CBF58C-5882-48A4-9E6C-0DBBF2498F8F}.Release|Any CPU.ActiveCfg = Release|Any CPU
		{D5CBF58C-5882-48A4-9E6C-0DBBF2498F8F}.Release|Any CPU.Build.0 = Release|Any CPU
		{50F89ECA-2259-4250-A7EB-77E3DA9BB081}.Debug|Any CPU.ActiveCfg = Debug|Any CPU
		{50F89ECA-2259-4250-A7EB-77E3DA9BB081}.Debug|Any CPU.Build.0 = Debug|Any CPU
		{50F89ECA-2259-4250-A7EB-77E3DA9BB081}.Release|Any CPU.ActiveCfg = Release|Any CPU
		{50F89ECA-2259-4250-A7EB-77E3DA9BB081}.Release|Any CPU.Build.0 = Release|Any CPU
		{1103BEDD-9775-47A0-BD6F-12543BBD51C3}.Debug|Any CPU.ActiveCfg = Debug|Any CPU
		{1103BEDD-9775-47A0-BD6F-12543BBD51C3}.Debug|Any CPU.Build.0 = Debug|Any CPU
		{1103BEDD-9775-47A0-BD6F-12543BBD51C3}.Release|Any CPU.ActiveCfg = Release|Any CPU
		{1103BEDD-9775-47A0-BD6F-12543BBD51C3}.Release|Any CPU.Build.0 = Release|Any CPU
		{585BC253-DA93-4B6A-A14D-9EEE9B20C8A5}.Debug|Any CPU.ActiveCfg = Debug|Any CPU
		{585BC253-DA93-4B6A-A14D-9EEE9B20C8A5}.Debug|Any CPU.Build.0 = Debug|Any CPU
		{585BC253-DA93-4B6A-A14D-9EEE9B20C8A5}.Release|Any CPU.ActiveCfg = Release|Any CPU
		{585BC253-DA93-4B6A-A14D-9EEE9B20C8A5}.Release|Any CPU.Build.0 = Release|Any CPU
	EndGlobalSection
	GlobalSection(SolutionProperties) = preSolution
		HideSolutionNode = FALSE
	EndGlobalSection
	GlobalSection(NestedProjects) = preSolution
		{5621592A-9C5C-4E94-913F-5C9A85E75208} = {0151D573-8596-48F2-BDA3-C6A2723C5A2A}
		{265E9A08-BCA9-432E-AFF6-054C16092A65} = {0151D573-8596-48F2-BDA3-C6A2723C5A2A}
		{1196CEFB-3760-44B0-90FF-F92778B8037D} = {A2A4E7B3-EE2D-4E75-B2B0-1B6C7E89E1C9}
		{C484EA56-1056-4E11-9366-26834DE7BAA1} = {42DCCB24-4EF2-40B5-B0F5-FB81A89B2B31}
		{C96D0043-1E77-4C9E-8068-2F8144A7F2C6} = {469E74A2-71A4-4163-AA7E-6E6E3D05792C}
		{0151D573-8596-48F2-BDA3-C6A2723C5A2A} = {BFAC01AD-0360-4F6B-BAF1-BF3E84BFA502}
		{A2A4E7B3-EE2D-4E75-B2B0-1B6C7E89E1C9} = {BFAC01AD-0360-4F6B-BAF1-BF3E84BFA502}
		{022E3B5D-A10F-488A-BADC-759F44755D0E} = {0151D573-8596-48F2-BDA3-C6A2723C5A2A}
		{D5CBF58C-5882-48A4-9E6C-0DBBF2498F8F} = {0151D573-8596-48F2-BDA3-C6A2723C5A2A}
		{50F89ECA-2259-4250-A7EB-77E3DA9BB081} = {A2A4E7B3-EE2D-4E75-B2B0-1B6C7E89E1C9}
		{42DCCB24-4EF2-40B5-B0F5-FB81A89B2B31} = {306DCEC8-6A0F-4AE3-A35D-5F68296E6CEF}
		{469E74A2-71A4-4163-AA7E-6E6E3D05792C} = {306DCEC8-6A0F-4AE3-A35D-5F68296E6CEF}
		{1103BEDD-9775-47A0-BD6F-12543BBD51C3} = {42DCCB24-4EF2-40B5-B0F5-FB81A89B2B31}
		{585BC253-DA93-4B6A-A14D-9EEE9B20C8A5} = {469E74A2-71A4-4163-AA7E-6E6E3D05792C}
	EndGlobalSection
	GlobalSection(ExtensibilityGlobals) = postSolution
		SolutionGuid = {541D2802-7BBF-4DF0-891C-F58D9A35CDBF}
	EndGlobalSection
EndGlobal
