
Microsoft Visual Studio Solution File, Format Version 12.00
# Visual Studio Version 17
VisualStudioVersion = 17.0.32112.339
MinimumVisualStudioVersion = 10.0.40219.1
Project("{9A19103F-16F7-4668-BE54-9A1E7A4F7556}") = "DotNetPowerExtensions.Analyzers", "DotNetPowerExtensions.Analyzers\DotNetPowerExtensions.Analyzers.csproj", "{1DA93F35-CDAF-4F19-8D92-6D3E4025F00D}"
EndProject
Project("{FAE04EC0-301F-11D3-BF4B-00C04F79EFBC}") = "DotNetPowerExtensions.Analyzers.Vsix", "DotNetPowerExtensions.Analyzers.Vsix\DotNetPowerExtensions.Analyzers.Vsix.csproj", "{9326D5F3-D76B-4B9E-B98C-4E9E5C3A9323}"
EndProject
Project("{9A19103F-16F7-4668-BE54-9A1E7A4F7556}") = "DotNetPowerExtensions.Analyzers.Tests", "DotNetPowerExtensions.Analyzers.Tests\DotNetPowerExtensions.Analyzers.Tests.csproj", "{8C1003BC-C123-4575-8670-0467A3404396}"
EndProject
Project("{9A19103F-16F7-4668-BE54-9A1E7A4F7556}") = "DotNetPowerExtensions", "DotNetPowerExtensions\DotNetPowerExtensions.csproj", "{639544EE-B1B2-42AC-8CCC-6768895379DC}"
EndProject
Project("{9A19103F-16F7-4668-BE54-9A1E7A4F7556}") = "DotNetPowerExtensions.Tests", "DotNetPowerExtensions.Tests\DotNetPowerExtensions.Tests.csproj", "{A984A6B2-30CE-4685-8AA3-8F2B28AB0E1C}"
EndProject
Project("{9A19103F-16F7-4668-BE54-9A1E7A4F7556}") = "DotNetPowerExtensions.Reflection.Core", "DotNetPowerExtensions.Reflection.Core\DotNetPowerExtensions.Reflection.Core.csproj", "{5621592A-9C5C-4E94-913F-5C9A85E75208}"
EndProject
Project("{9A19103F-16F7-4668-BE54-9A1E7A4F7556}") = "DotNetPowerExtensions.Reflection", "DotNetPowerExtensions.Reflection\DotNetPowerExtensions.Reflection.csproj", "{265E9A08-BCA9-432E-AFF6-054C16092A65}"
EndProject
Project("{9A19103F-16F7-4668-BE54-9A1E7A4F7556}") = "DotNetPowerExtensions.Reflection.Tests", "DotNetPowerExtensions.Reflection.Tests\DotNetPowerExtensions.Reflection.Tests.csproj", "{1196CEFB-3760-44B0-90FF-F92778B8037D}"
EndProject
Project("{9A19103F-16F7-4668-BE54-9A1E7A4F7556}") = "DotNetPowerExtensions.RoslynExtensions", "DotNetPowerExtensions.RoslynExtensions\DotNetPowerExtensions.RoslynExtensions.csproj", "{C484EA56-1056-4E11-9366-26834DE7BAA1}"
EndProject
Project("{9A19103F-16F7-4668-BE54-9A1E7A4F7556}") = "DotNetPowerExtensions.RoslynExtensions.Tests", "DotNetPowerExtensions.RoslynExtensions.Tests\DotNetPowerExtensions.RoslynExtensions.Tests.csproj", "{C96D0043-1E77-4C9E-8068-2F8144A7F2C6}"
EndProject
Project("{2150E333-8FDC-42A3-9474-1A3956D46DE8}") = "Solution Items", "Solution Items", "{41252400-4EDD-424F-893D-D7FFC925F808}"
	ProjectSection(SolutionItems) = preProject
		.editorconfig = .editorconfig
		AnalyzerProject.targets = AnalyzerProject.targets
		Directory.Build.props = Directory.Build.props
		Directory.Build.targets = Directory.Build.targets
		Directory.Packages.props = Directory.Packages.props
	EndProjectSection
EndProject
Project("{2150E333-8FDC-42A3-9474-1A3956D46DE8}") = "Reflection", "Reflection", "{BFAC01AD-0360-4F6B-BAF1-BF3E84BFA502}"
EndProject
Project("{2150E333-8FDC-42A3-9474-1A3956D46DE8}") = "src", "src", "{0151D573-8596-48F2-BDA3-C6A2723C5A2A}"
EndProject
Project("{2150E333-8FDC-42A3-9474-1A3956D46DE8}") = "tests", "tests", "{A2A4E7B3-EE2D-4E75-B2B0-1B6C7E89E1C9}"
EndProject
Project("{FAE04EC0-301F-11D3-BF4B-00C04F79EFBC}") = "DotNetPowerExtensions.Reflection.TypeToString.Common", "DotNetPowerExtensions.Reflection.TypeToString.Common\DotNetPowerExtensions.Reflection.TypeToString.Common.csproj", "{022E3B5D-A10F-488A-BADC-759F44755D0E}"
EndProject
Project("{FAE04EC0-301F-11D3-BF4B-00C04F79EFBC}") = "DotNetPowerExtensions.Reflection.TypeToString.CSharp", "DotNetPowerExtensions.Reflection.TypeToString.CSharp\DotNetPowerExtensions.Reflection.TypeToString.CSharp.csproj", "{D5CBF58C-5882-48A4-9E6C-0DBBF2498F8F}"
EndProject
Project("{FAE04EC0-301F-11D3-BF4B-00C04F79EFBC}") = "DotNetPowerExtensions.Reflection.TypeToString.CSharp.Tests", "DotNetPowerExtensions.Reflection.TypeToString.CSharp.Tests\DotNetPowerExtensions.Reflection.TypeToString.CSharp.Tests.csproj", "{50F89ECA-2259-4250-A7EB-77E3DA9BB081}"
EndProject
Project("{2150E333-8FDC-42A3-9474-1A3956D46DE8}") = "Roslyn", "Roslyn", "{306DCEC8-6A0F-4AE3-A35D-5F68296E6CEF}"
EndProject
Project("{2150E333-8FDC-42A3-9474-1A3956D46DE8}") = "src", "src", "{42DCCB24-4EF2-40B5-B0F5-FB81A89B2B31}"
EndProject
Project("{2150E333-8FDC-42A3-9474-1A3956D46DE8}") = "tests", "tests", "{469E74A2-71A4-4163-AA7E-6E6E3D05792C}"
EndProject
Project("{FAE04EC0-301F-11D3-BF4B-00C04F79EFBC}") = "DotNetPowerExtensions.Roslyn.SyntaxGeneration.CSharp", "DotNetPowerExtensions.Roslyn.SyntaxGeneration.CSharp\DotNetPowerExtensions.Roslyn.SyntaxGeneration.CSharp.csproj", "{1103BEDD-9775-47A0-BD6F-12543BBD51C3}"
EndProject
Project("{FAE04EC0-301F-11D3-BF4B-00C04F79EFBC}") = "DotNetPowerExtensions.Roslyn.SyntaxGeneration.CSharp.Tests", "DotNetPowerExtensions.Roslyn.SyntaxGeneration.CSharp.Tests\DotNetPowerExtensions.Roslyn.SyntaxGeneration.CSharp.Tests.csproj", "{585BC253-DA93-4B6A-A14D-9EEE9B20C8A5}"
EndProject
Project("{FAE04EC0-301F-11D3-BF4B-00C04F79EFBC}") = "DotNetPowerExtensions.DependencyInjection", "DotNetPowerExtensions.DependencyInjection\DotNetPowerExtensions.DependencyInjection.csproj", "{B0CFF64E-A54E-4E12-AB86-842985E49A6E}"
EndProject
Project("{FAE04EC0-301F-11D3-BF4B-00C04F79EFBC}") = "DotNetPowerExtensions.DependencyInjection.Common", "DotNetPowerExtensions.DependencyInjection.Common\DotNetPowerExtensions.DependencyInjection.Common.csproj", "{8B524BE5-D53C-418B-AB31-43EB0F2230A6}"
EndProject
Project("{FAE04EC0-301F-11D3-BF4B-00C04F79EFBC}") = "DotNetPowerExtensions.NonDelegate", "DotNetPowerExtensions.NonDelegate\DotNetPowerExtensions.NonDelegate.csproj", "{552C920B-329B-4C7E-8E84-EF3044668D70}"
EndProject
Project("{FAE04EC0-301F-11D3-BF4B-00C04F79EFBC}") = "DotNetPowerExtensions.NonDelegate.Common", "DotNetPowerExtensions.NonDelegate.Common\DotNetPowerExtensions.NonDelegate.Common.csproj", "{F39050FA-D80C-4204-85E3-973613AD90B0}"
EndProject
Project("{FAE04EC0-301F-11D3-BF4B-00C04F79EFBC}") = "DotNetPowerExtensions.NonDelegate.Analyzers", "DotNetPowerExtensions.NonDelegate.Analyzers\DotNetPowerExtensions.NonDelegate.Analyzers.csproj", "{6FE39353-273A-492C-8502-DD343DAB3EFF}"
EndProject
Project("{FAE04EC0-301F-11D3-BF4B-00C04F79EFBC}") = "DotNetPowerExtensions.DependencyInjection.Analyzers", "DotNetPowerExtensions.DependencyInjection.Analyzers\DotNetPowerExtensions.DependencyInjection.Analyzers.csproj", "{DB9D1614-DC21-4F98-8068-8DB898ED372E}"
EndProject
Project("{2150E333-8FDC-42A3-9474-1A3956D46DE8}") = "tests", "tests", "{3F448616-5E66-4CD9-82FF-E97FBA82DAE5}"
EndProject
Project("{FAE04EC0-301F-11D3-BF4B-00C04F79EFBC}") = "Tests.Common", "Tests.Common\Tests.Common.csproj", "{B00F6283-CEDD-47CF-8CB7-7221D72A54CD}"
EndProject
Project("{FAE04EC0-301F-11D3-BF4B-00C04F79EFBC}") = "DotNetPowerExtensions.NonDelegate.Analyzers.Tests", "DotNetPowerExtensions.NonDelegate.Analyzers.Tests\DotNetPowerExtensions.NonDelegate.Analyzers.Tests.csproj", "{ECDE3D2D-338F-4F3B-ACFC-9F737EF45D68}"
EndProject
Project("{FAE04EC0-301F-11D3-BF4B-00C04F79EFBC}") = "DotNetPowerExtensions.Union.Common", "DotNetPowerExtensions.Union.Common\DotNetPowerExtensions.Union.Common.csproj", "{5AD9354E-B1B3-4407-8807-327CC7D48D52}"
EndProject
Project("{FAE04EC0-301F-11D3-BF4B-00C04F79EFBC}") = "DotNetPowerExtensions.Union.Analyzers", "DotNetPowerExtensions.Union.Analyzers\DotNetPowerExtensions.Union.Analyzers.csproj", "{EEFD96CA-00BD-41F5-BC0F-6EA6A4D29321}"
EndProject
Project("{FAE04EC0-301F-11D3-BF4B-00C04F79EFBC}") = "DotNetPowerExtensions.Union", "DotNetPowerExtensions.Union\DotNetPowerExtensions.Union.csproj", "{A2FF6127-F8FE-482E-A335-08B557F045CE}"
EndProject
Project("{FAE04EC0-301F-11D3-BF4B-00C04F79EFBC}") = "DotNetPowerExtensions.Union.Analyzers.Tests", "DotNetPowerExtensions.Union.Analyzers.Tests\DotNetPowerExtensions.Union.Analyzers.Tests.csproj", "{D94E1BC6-AAFD-4868-A3F9-E1A25F13C020}"
EndProject
Project("{FAE04EC0-301F-11D3-BF4B-00C04F79EFBC}") = "DotNetPowerExtensions.StringExtensions", "DotNetPowerExtensions.StringExtensions\DotNetPowerExtensions.StringExtensions.csproj", "{1F8EA52B-E81E-454A-B032-A286B57314D9}"
EndProject
Project("{FAE04EC0-301F-11D3-BF4B-00C04F79EFBC}") = "DotNetPowerExtensions.EnumerableExtensions", "DotNetPowerExtensions.EnumerableExtensions\DotNetPowerExtensions.EnumerableExtensions.csproj", "{3AB35A5E-5897-409E-8567-72CDE9E518C5}"
EndProject
Project("{FAE04EC0-301F-11D3-BF4B-00C04F79EFBC}") = "DotNetPowerExtensions.EnumerableExtensions.Tests", "DotNetPowerExtensions.EnumerableExtensions.Tests\DotNetPowerExtensions.EnumerableExtensions.Tests.csproj", "{4C184F58-191A-4DD2-90F5-7ABC9B71EC08}"
EndProject
Project("{FAE04EC0-301F-11D3-BF4B-00C04F79EFBC}") = "DotNetPowerExtensions.DependencyInjection.Tests", "DotNetPowerExtensions.DependencyInjection.Tests\DotNetPowerExtensions.DependencyInjection.Tests.csproj", "{99CCA724-463B-41D6-8700-0FCEF7DB12E4}"
EndProject
Project("{FAE04EC0-301F-11D3-BF4B-00C04F79EFBC}") = "DotNetPowerExtensions.MustInitialize.Common", "DotNetPowerExtensions.MustInitialize.Common\DotNetPowerExtensions.MustInitialize.Common.csproj", "{CFD28C51-7050-4852-9018-469842060AEF}"
EndProject
Project("{2150E333-8FDC-42A3-9474-1A3956D46DE8}") = "Union", "Union", "{D8F4A4CD-3A9A-481D-8CAB-01FCD97B8526}"
EndProject
Project("{2150E333-8FDC-42A3-9474-1A3956D46DE8}") = "NonDelegate", "NonDelegate", "{1971F3D9-ED6A-4385-B228-12B551DA54E1}"
EndProject
Project("{2150E333-8FDC-42A3-9474-1A3956D46DE8}") = "MustInitialize", "MustInitialize", "{ADDF8E29-2D3F-4335-BB78-0A7FAECD4540}"
EndProject
Project("{2150E333-8FDC-42A3-9474-1A3956D46DE8}") = "DependencyInjection", "DependencyInjection", "{9BF780D9-1DFD-424D-B639-9F5F8E97A92D}"
EndProject
Global
	GlobalSection(SolutionConfigurationPlatforms) = preSolution
		Debug|Any CPU = Debug|Any CPU
		Release|Any CPU = Release|Any CPU
	EndGlobalSection
	GlobalSection(ProjectConfigurationPlatforms) = postSolution
		{1DA93F35-CDAF-4F19-8D92-6D3E4025F00D}.Debug|Any CPU.ActiveCfg = Debug|Any CPU
		{1DA93F35-CDAF-4F19-8D92-6D3E4025F00D}.Debug|Any CPU.Build.0 = Debug|Any CPU
		{1DA93F35-CDAF-4F19-8D92-6D3E4025F00D}.Release|Any CPU.ActiveCfg = Release|Any CPU
		{1DA93F35-CDAF-4F19-8D92-6D3E4025F00D}.Release|Any CPU.Build.0 = Release|Any CPU
		{9326D5F3-D76B-4B9E-B98C-4E9E5C3A9323}.Debug|Any CPU.ActiveCfg = Debug|Any CPU
		{9326D5F3-D76B-4B9E-B98C-4E9E5C3A9323}.Debug|Any CPU.Build.0 = Debug|Any CPU
		{9326D5F3-D76B-4B9E-B98C-4E9E5C3A9323}.Release|Any CPU.ActiveCfg = Release|Any CPU
		{9326D5F3-D76B-4B9E-B98C-4E9E5C3A9323}.Release|Any CPU.Build.0 = Release|Any CPU
		{8C1003BC-C123-4575-8670-0467A3404396}.Debug|Any CPU.ActiveCfg = Debug|Any CPU
		{8C1003BC-C123-4575-8670-0467A3404396}.Debug|Any CPU.Build.0 = Debug|Any CPU
		{8C1003BC-C123-4575-8670-0467A3404396}.Release|Any CPU.ActiveCfg = Release|Any CPU
		{8C1003BC-C123-4575-8670-0467A3404396}.Release|Any CPU.Build.0 = Release|Any CPU
		{639544EE-B1B2-42AC-8CCC-6768895379DC}.Debug|Any CPU.ActiveCfg = Debug|Any CPU
		{639544EE-B1B2-42AC-8CCC-6768895379DC}.Debug|Any CPU.Build.0 = Debug|Any CPU
		{639544EE-B1B2-42AC-8CCC-6768895379DC}.Release|Any CPU.ActiveCfg = Release|Any CPU
		{639544EE-B1B2-42AC-8CCC-6768895379DC}.Release|Any CPU.Build.0 = Release|Any CPU
		{A984A6B2-30CE-4685-8AA3-8F2B28AB0E1C}.Debug|Any CPU.ActiveCfg = Debug|Any CPU
		{A984A6B2-30CE-4685-8AA3-8F2B28AB0E1C}.Debug|Any CPU.Build.0 = Debug|Any CPU
		{A984A6B2-30CE-4685-8AA3-8F2B28AB0E1C}.Release|Any CPU.ActiveCfg = Release|Any CPU
		{A984A6B2-30CE-4685-8AA3-8F2B28AB0E1C}.Release|Any CPU.Build.0 = Release|Any CPU
		{5621592A-9C5C-4E94-913F-5C9A85E75208}.Debug|Any CPU.ActiveCfg = Debug|Any CPU
		{5621592A-9C5C-4E94-913F-5C9A85E75208}.Debug|Any CPU.Build.0 = Debug|Any CPU
		{5621592A-9C5C-4E94-913F-5C9A85E75208}.Release|Any CPU.ActiveCfg = Release|Any CPU
		{5621592A-9C5C-4E94-913F-5C9A85E75208}.Release|Any CPU.Build.0 = Release|Any CPU
		{265E9A08-BCA9-432E-AFF6-054C16092A65}.Debug|Any CPU.ActiveCfg = Debug|Any CPU
		{265E9A08-BCA9-432E-AFF6-054C16092A65}.Debug|Any CPU.Build.0 = Debug|Any CPU
		{265E9A08-BCA9-432E-AFF6-054C16092A65}.Release|Any CPU.ActiveCfg = Release|Any CPU
		{265E9A08-BCA9-432E-AFF6-054C16092A65}.Release|Any CPU.Build.0 = Release|Any CPU
		{1196CEFB-3760-44B0-90FF-F92778B8037D}.Debug|Any CPU.ActiveCfg = Debug|Any CPU
		{1196CEFB-3760-44B0-90FF-F92778B8037D}.Debug|Any CPU.Build.0 = Debug|Any CPU
		{1196CEFB-3760-44B0-90FF-F92778B8037D}.Release|Any CPU.ActiveCfg = Release|Any CPU
		{1196CEFB-3760-44B0-90FF-F92778B8037D}.Release|Any CPU.Build.0 = Release|Any CPU
		{C484EA56-1056-4E11-9366-26834DE7BAA1}.Debug|Any CPU.ActiveCfg = Debug|Any CPU
		{C484EA56-1056-4E11-9366-26834DE7BAA1}.Debug|Any CPU.Build.0 = Debug|Any CPU
		{C484EA56-1056-4E11-9366-26834DE7BAA1}.Release|Any CPU.ActiveCfg = Release|Any CPU
		{C484EA56-1056-4E11-9366-26834DE7BAA1}.Release|Any CPU.Build.0 = Release|Any CPU
		{C96D0043-1E77-4C9E-8068-2F8144A7F2C6}.Debug|Any CPU.ActiveCfg = Debug|Any CPU
		{C96D0043-1E77-4C9E-8068-2F8144A7F2C6}.Debug|Any CPU.Build.0 = Debug|Any CPU
		{C96D0043-1E77-4C9E-8068-2F8144A7F2C6}.Release|Any CPU.ActiveCfg = Release|Any CPU
		{C96D0043-1E77-4C9E-8068-2F8144A7F2C6}.Release|Any CPU.Build.0 = Release|Any CPU
		{022E3B5D-A10F-488A-BADC-759F44755D0E}.Debug|Any CPU.ActiveCfg = Debug|Any CPU
		{022E3B5D-A10F-488A-BADC-759F44755D0E}.Debug|Any CPU.Build.0 = Debug|Any CPU
		{022E3B5D-A10F-488A-BADC-759F44755D0E}.Release|Any CPU.ActiveCfg = Release|Any CPU
		{022E3B5D-A10F-488A-BADC-759F44755D0E}.Release|Any CPU.Build.0 = Release|Any CPU
		{D5CBF58C-5882-48A4-9E6C-0DBBF2498F8F}.Debug|Any CPU.ActiveCfg = Debug|Any CPU
		{D5CBF58C-5882-48A4-9E6C-0DBBF2498F8F}.Debug|Any CPU.Build.0 = Debug|Any CPU
		{D5CBF58C-5882-48A4-9E6C-0DBBF2498F8F}.Release|Any CPU.ActiveCfg = Release|Any CPU
		{D5CBF58C-5882-48A4-9E6C-0DBBF2498F8F}.Release|Any CPU.Build.0 = Release|Any CPU
		{50F89ECA-2259-4250-A7EB-77E3DA9BB081}.Debug|Any CPU.ActiveCfg = Debug|Any CPU
		{50F89ECA-2259-4250-A7EB-77E3DA9BB081}.Debug|Any CPU.Build.0 = Debug|Any CPU
		{50F89ECA-2259-4250-A7EB-77E3DA9BB081}.Release|Any CPU.ActiveCfg = Release|Any CPU
		{50F89ECA-2259-4250-A7EB-77E3DA9BB081}.Release|Any CPU.Build.0 = Release|Any CPU
		{1103BEDD-9775-47A0-BD6F-12543BBD51C3}.Debug|Any CPU.ActiveCfg = Debug|Any CPU
		{1103BEDD-9775-47A0-BD6F-12543BBD51C3}.Debug|Any CPU.Build.0 = Debug|Any CPU
		{1103BEDD-9775-47A0-BD6F-12543BBD51C3}.Release|Any CPU.ActiveCfg = Release|Any CPU
		{1103BEDD-9775-47A0-BD6F-12543BBD51C3}.Release|Any CPU.Build.0 = Release|Any CPU
		{585BC253-DA93-4B6A-A14D-9EEE9B20C8A5}.Debug|Any CPU.ActiveCfg = Debug|Any CPU
		{585BC253-DA93-4B6A-A14D-9EEE9B20C8A5}.Debug|Any CPU.Build.0 = Debug|Any CPU
		{585BC253-DA93-4B6A-A14D-9EEE9B20C8A5}.Release|Any CPU.ActiveCfg = Release|Any CPU
		{585BC253-DA93-4B6A-A14D-9EEE9B20C8A5}.Release|Any CPU.Build.0 = Release|Any CPU
		{B0CFF64E-A54E-4E12-AB86-842985E49A6E}.Debug|Any CPU.ActiveCfg = Debug|Any CPU
		{B0CFF64E-A54E-4E12-AB86-842985E49A6E}.Debug|Any CPU.Build.0 = Debug|Any CPU
		{B0CFF64E-A54E-4E12-AB86-842985E49A6E}.Release|Any CPU.ActiveCfg = Release|Any CPU
		{B0CFF64E-A54E-4E12-AB86-842985E49A6E}.Release|Any CPU.Build.0 = Release|Any CPU
		{8B524BE5-D53C-418B-AB31-43EB0F2230A6}.Debug|Any CPU.ActiveCfg = Debug|Any CPU
		{8B524BE5-D53C-418B-AB31-43EB0F2230A6}.Debug|Any CPU.Build.0 = Debug|Any CPU
		{8B524BE5-D53C-418B-AB31-43EB0F2230A6}.Release|Any CPU.ActiveCfg = Release|Any CPU
		{8B524BE5-D53C-418B-AB31-43EB0F2230A6}.Release|Any CPU.Build.0 = Release|Any CPU
		{552C920B-329B-4C7E-8E84-EF3044668D70}.Debug|Any CPU.ActiveCfg = Debug|Any CPU
		{552C920B-329B-4C7E-8E84-EF3044668D70}.Debug|Any CPU.Build.0 = Debug|Any CPU
		{552C920B-329B-4C7E-8E84-EF3044668D70}.Release|Any CPU.ActiveCfg = Release|Any CPU
		{552C920B-329B-4C7E-8E84-EF3044668D70}.Release|Any CPU.Build.0 = Release|Any CPU
		{F39050FA-D80C-4204-85E3-973613AD90B0}.Debug|Any CPU.ActiveCfg = Debug|Any CPU
		{F39050FA-D80C-4204-85E3-973613AD90B0}.Debug|Any CPU.Build.0 = Debug|Any CPU
		{F39050FA-D80C-4204-85E3-973613AD90B0}.Release|Any CPU.ActiveCfg = Release|Any CPU
		{F39050FA-D80C-4204-85E3-973613AD90B0}.Release|Any CPU.Build.0 = Release|Any CPU
		{6FE39353-273A-492C-8502-DD343DAB3EFF}.Debug|Any CPU.ActiveCfg = Debug|Any CPU
		{6FE39353-273A-492C-8502-DD343DAB3EFF}.Debug|Any CPU.Build.0 = Debug|Any CPU
		{6FE39353-273A-492C-8502-DD343DAB3EFF}.Release|Any CPU.ActiveCfg = Release|Any CPU
		{6FE39353-273A-492C-8502-DD343DAB3EFF}.Release|Any CPU.Build.0 = Release|Any CPU
		{DB9D1614-DC21-4F98-8068-8DB898ED372E}.Debug|Any CPU.ActiveCfg = Debug|Any CPU
		{DB9D1614-DC21-4F98-8068-8DB898ED372E}.Debug|Any CPU.Build.0 = Debug|Any CPU
		{DB9D1614-DC21-4F98-8068-8DB898ED372E}.Release|Any CPU.ActiveCfg = Release|Any CPU
		{DB9D1614-DC21-4F98-8068-8DB898ED372E}.Release|Any CPU.Build.0 = Release|Any CPU
		{B00F6283-CEDD-47CF-8CB7-7221D72A54CD}.Debug|Any CPU.ActiveCfg = Debug|Any CPU
		{B00F6283-CEDD-47CF-8CB7-7221D72A54CD}.Debug|Any CPU.Build.0 = Debug|Any CPU
		{B00F6283-CEDD-47CF-8CB7-7221D72A54CD}.Release|Any CPU.ActiveCfg = Release|Any CPU
		{B00F6283-CEDD-47CF-8CB7-7221D72A54CD}.Release|Any CPU.Build.0 = Release|Any CPU
		{ECDE3D2D-338F-4F3B-ACFC-9F737EF45D68}.Debug|Any CPU.ActiveCfg = Debug|Any CPU
		{ECDE3D2D-338F-4F3B-ACFC-9F737EF45D68}.Debug|Any CPU.Build.0 = Debug|Any CPU
		{ECDE3D2D-338F-4F3B-ACFC-9F737EF45D68}.Release|Any CPU.ActiveCfg = Release|Any CPU
		{ECDE3D2D-338F-4F3B-ACFC-9F737EF45D68}.Release|Any CPU.Build.0 = Release|Any CPU
		{5AD9354E-B1B3-4407-8807-327CC7D48D52}.Debug|Any CPU.ActiveCfg = Debug|Any CPU
		{5AD9354E-B1B3-4407-8807-327CC7D48D52}.Debug|Any CPU.Build.0 = Debug|Any CPU
		{5AD9354E-B1B3-4407-8807-327CC7D48D52}.Release|Any CPU.ActiveCfg = Release|Any CPU
		{5AD9354E-B1B3-4407-8807-327CC7D48D52}.Release|Any CPU.Build.0 = Release|Any CPU
		{EEFD96CA-00BD-41F5-BC0F-6EA6A4D29321}.Debug|Any CPU.ActiveCfg = Debug|Any CPU
		{EEFD96CA-00BD-41F5-BC0F-6EA6A4D29321}.Debug|Any CPU.Build.0 = Debug|Any CPU
		{EEFD96CA-00BD-41F5-BC0F-6EA6A4D29321}.Release|Any CPU.ActiveCfg = Release|Any CPU
		{EEFD96CA-00BD-41F5-BC0F-6EA6A4D29321}.Release|Any CPU.Build.0 = Release|Any CPU
		{A2FF6127-F8FE-482E-A335-08B557F045CE}.Debug|Any CPU.ActiveCfg = Debug|Any CPU
		{A2FF6127-F8FE-482E-A335-08B557F045CE}.Debug|Any CPU.Build.0 = Debug|Any CPU
		{A2FF6127-F8FE-482E-A335-08B557F045CE}.Release|Any CPU.ActiveCfg = Release|Any CPU
		{A2FF6127-F8FE-482E-A335-08B557F045CE}.Release|Any CPU.Build.0 = Release|Any CPU
		{D94E1BC6-AAFD-4868-A3F9-E1A25F13C020}.Debug|Any CPU.ActiveCfg = Debug|Any CPU
		{D94E1BC6-AAFD-4868-A3F9-E1A25F13C020}.Debug|Any CPU.Build.0 = Debug|Any CPU
		{D94E1BC6-AAFD-4868-A3F9-E1A25F13C020}.Release|Any CPU.ActiveCfg = Release|Any CPU
		{D94E1BC6-AAFD-4868-A3F9-E1A25F13C020}.Release|Any CPU.Build.0 = Release|Any CPU
		{1F8EA52B-E81E-454A-B032-A286B57314D9}.Debug|Any CPU.ActiveCfg = Debug|Any CPU
		{1F8EA52B-E81E-454A-B032-A286B57314D9}.Debug|Any CPU.Build.0 = Debug|Any CPU
		{1F8EA52B-E81E-454A-B032-A286B57314D9}.Release|Any CPU.ActiveCfg = Release|Any CPU
		{1F8EA52B-E81E-454A-B032-A286B57314D9}.Release|Any CPU.Build.0 = Release|Any CPU
		{3AB35A5E-5897-409E-8567-72CDE9E518C5}.Debug|Any CPU.ActiveCfg = Debug|Any CPU
		{3AB35A5E-5897-409E-8567-72CDE9E518C5}.Debug|Any CPU.Build.0 = Debug|Any CPU
		{3AB35A5E-5897-409E-8567-72CDE9E518C5}.Release|Any CPU.ActiveCfg = Release|Any CPU
		{3AB35A5E-5897-409E-8567-72CDE9E518C5}.Release|Any CPU.Build.0 = Release|Any CPU
		{4C184F58-191A-4DD2-90F5-7ABC9B71EC08}.Debug|Any CPU.ActiveCfg = Debug|Any CPU
		{4C184F58-191A-4DD2-90F5-7ABC9B71EC08}.Debug|Any CPU.Build.0 = Debug|Any CPU
		{4C184F58-191A-4DD2-90F5-7ABC9B71EC08}.Release|Any CPU.ActiveCfg = Release|Any CPU
		{4C184F58-191A-4DD2-90F5-7ABC9B71EC08}.Release|Any CPU.Build.0 = Release|Any CPU
		{99CCA724-463B-41D6-8700-0FCEF7DB12E4}.Debug|Any CPU.ActiveCfg = Debug|Any CPU
		{99CCA724-463B-41D6-8700-0FCEF7DB12E4}.Debug|Any CPU.Build.0 = Debug|Any CPU
		{99CCA724-463B-41D6-8700-0FCEF7DB12E4}.Release|Any CPU.ActiveCfg = Release|Any CPU
		{99CCA724-463B-41D6-8700-0FCEF7DB12E4}.Release|Any CPU.Build.0 = Release|Any CPU
		{CFD28C51-7050-4852-9018-469842060AEF}.Debug|Any CPU.ActiveCfg = Debug|Any CPU
		{CFD28C51-7050-4852-9018-469842060AEF}.Debug|Any CPU.Build.0 = Debug|Any CPU
		{CFD28C51-7050-4852-9018-469842060AEF}.Release|Any CPU.ActiveCfg = Release|Any CPU
		{CFD28C51-7050-4852-9018-469842060AEF}.Release|Any CPU.Build.0 = Release|Any CPU
	EndGlobalSection
	GlobalSection(SolutionProperties) = preSolution
		HideSolutionNode = FALSE
	EndGlobalSection
	GlobalSection(NestedProjects) = preSolution
		{5621592A-9C5C-4E94-913F-5C9A85E75208} = {0151D573-8596-48F2-BDA3-C6A2723C5A2A}
		{265E9A08-BCA9-432E-AFF6-054C16092A65} = {0151D573-8596-48F2-BDA3-C6A2723C5A2A}
		{1196CEFB-3760-44B0-90FF-F92778B8037D} = {A2A4E7B3-EE2D-4E75-B2B0-1B6C7E89E1C9}
		{C484EA56-1056-4E11-9366-26834DE7BAA1} = {42DCCB24-4EF2-40B5-B0F5-FB81A89B2B31}
		{C96D0043-1E77-4C9E-8068-2F8144A7F2C6} = {469E74A2-71A4-4163-AA7E-6E6E3D05792C}
		{0151D573-8596-48F2-BDA3-C6A2723C5A2A} = {BFAC01AD-0360-4F6B-BAF1-BF3E84BFA502}
		{A2A4E7B3-EE2D-4E75-B2B0-1B6C7E89E1C9} = {BFAC01AD-0360-4F6B-BAF1-BF3E84BFA502}
		{022E3B5D-A10F-488A-BADC-759F44755D0E} = {0151D573-8596-48F2-BDA3-C6A2723C5A2A}
		{D5CBF58C-5882-48A4-9E6C-0DBBF2498F8F} = {0151D573-8596-48F2-BDA3-C6A2723C5A2A}
		{50F89ECA-2259-4250-A7EB-77E3DA9BB081} = {A2A4E7B3-EE2D-4E75-B2B0-1B6C7E89E1C9}
		{42DCCB24-4EF2-40B5-B0F5-FB81A89B2B31} = {306DCEC8-6A0F-4AE3-A35D-5F68296E6CEF}
		{469E74A2-71A4-4163-AA7E-6E6E3D05792C} = {306DCEC8-6A0F-4AE3-A35D-5F68296E6CEF}
		{1103BEDD-9775-47A0-BD6F-12543BBD51C3} = {42DCCB24-4EF2-40B5-B0F5-FB81A89B2B31}
		{585BC253-DA93-4B6A-A14D-9EEE9B20C8A5} = {469E74A2-71A4-4163-AA7E-6E6E3D05792C}
		{B0CFF64E-A54E-4E12-AB86-842985E49A6E} = {9BF780D9-1DFD-424D-B639-9F5F8E97A92D}
		{8B524BE5-D53C-418B-AB31-43EB0F2230A6} = {9BF780D9-1DFD-424D-B639-9F5F8E97A92D}
		{552C920B-329B-4C7E-8E84-EF3044668D70} = {1971F3D9-ED6A-4385-B228-12B551DA54E1}
		{F39050FA-D80C-4204-85E3-973613AD90B0} = {1971F3D9-ED6A-4385-B228-12B551DA54E1}
		{6FE39353-273A-492C-8502-DD343DAB3EFF} = {1971F3D9-ED6A-4385-B228-12B551DA54E1}
		{DB9D1614-DC21-4F98-8068-8DB898ED372E} = {9BF780D9-1DFD-424D-B639-9F5F8E97A92D}
		{B00F6283-CEDD-47CF-8CB7-7221D72A54CD} = {3F448616-5E66-4CD9-82FF-E97FBA82DAE5}
		{ECDE3D2D-338F-4F3B-ACFC-9F737EF45D68} = {1971F3D9-ED6A-4385-B228-12B551DA54E1}
		{5AD9354E-B1B3-4407-8807-327CC7D48D52} = {D8F4A4CD-3A9A-481D-8CAB-01FCD97B8526}
		{EEFD96CA-00BD-41F5-BC0F-6EA6A4D29321} = {D8F4A4CD-3A9A-481D-8CAB-01FCD97B8526}
		{A2FF6127-F8FE-482E-A335-08B557F045CE} = {D8F4A4CD-3A9A-481D-8CAB-01FCD97B8526}
		{D94E1BC6-AAFD-4868-A3F9-E1A25F13C020} = {D8F4A4CD-3A9A-481D-8CAB-01FCD97B8526}
		{4C184F58-191A-4DD2-90F5-7ABC9B71EC08} = {3F448616-5E66-4CD9-82FF-E97FBA82DAE5}
		{99CCA724-463B-41D6-8700-0FCEF7DB12E4} = {9BF780D9-1DFD-424D-B639-9F5F8E97A92D}
		{CFD28C51-7050-4852-9018-469842060AEF} = {ADDF8E29-2D3F-4335-BB78-0A7FAECD4540}
	EndGlobalSection
	GlobalSection(ExtensibilityGlobals) = postSolution
		SolutionGuid = {541D2802-7BBF-4DF0-891C-F58D9A35CDBF}
	EndGlobalSection
EndGlobal
